
Microsoft Visual Studio Solution File, Format Version 12.00
# Visual Studio Version 16
VisualStudioVersion = 16.0.30907.101
MinimumVisualStudioVersion = 10.0.40219.1
Project("{FAE04EC0-301F-11D3-BF4B-00C04F79EFBC}") = "OOP1", "OOP1\OOP1.csproj", "{5EE0BBAC-37BE-4FEC-97CF-B64BB5BAF0D5}"
EndProject
Project("{FAE04EC0-301F-11D3-BF4B-00C04F79EFBC}") = "Collections", "collections\Collections.csproj", "{9C415868-C4CE-4DD8-AED1-3C5C2030215D}"
EndProject
Project("{FAE04EC0-301F-11D3-BF4B-00C04F79EFBC}") = "GenericsIntro", "GenericsIntro\GenericsIntro.csproj", "{A6461A0C-1CB5-4598-9522-AB366E1243BF}"
EndProject
Global
	GlobalSection(SolutionConfigurationPlatforms) = preSolution
		Debug|Any CPU = Debug|Any CPU
		Release|Any CPU = Release|Any CPU
	EndGlobalSection
	GlobalSection(ProjectConfigurationPlatforms) = postSolution
		{5EE0BBAC-37BE-4FEC-97CF-B64BB5BAF0D5}.Debug|Any CPU.ActiveCfg = Debug|Any CPU
		{5EE0BBAC-37BE-4FEC-97CF-B64BB5BAF0D5}.Debug|Any CPU.Build.0 = Debug|Any CPU
		{5EE0BBAC-37BE-4FEC-97CF-B64BB5BAF0D5}.Release|Any CPU.ActiveCfg = Release|Any CPU
		{5EE0BBAC-37BE-4FEC-97CF-B64BB5BAF0D5}.Release|Any CPU.Build.0 = Release|Any CPU
		{9C415868-C4CE-4DD8-AED1-3C5C2030215D}.Debug|Any CPU.ActiveCfg = Debug|Any CPU
		{9C415868-C4CE-4DD8-AED1-3C5C2030215D}.Debug|Any CPU.Build.0 = Debug|Any CPU
		{9C415868-C4CE-4DD8-AED1-3C5C2030215D}.Release|Any CPU.ActiveCfg = Release|Any CPU
		{9C415868-C4CE-4DD8-AED1-3C5C2030215D}.Release|Any CPU.Build.0 = Release|Any CPU
		{A6461A0C-1CB5-4598-9522-AB366E1243BF}.Debug|Any CPU.ActiveCfg = Debug|Any CPU
		{A6461A0C-1CB5-4598-9522-AB366E1243BF}.Debug|Any CPU.Build.0 = Debug|Any CPU
		{A6461A0C-1CB5-4598-9522-AB366E1243BF}.Release|Any CPU.ActiveCfg = Release|Any CPU
		{A6461A0C-1CB5-4598-9522-AB366E1243BF}.Release|Any CPU.Build.0 = Release|Any CPU
	EndGlobalSection
	GlobalSection(SolutionProperties) = preSolution
		HideSolutionNode = FALSE
	EndGlobalSection
	GlobalSection(ExtensibilityGlobals) = postSolution
		SolutionGuid = {3CF55345-A803-4AF8-B0A3-CE2B21D47BE9}
	EndGlobalSection
EndGlobal
